
Microsoft Visual Studio Solution File, Format Version 12.00
# Visual Studio 14
VisualStudioVersion = 14.0.25123.0
MinimumVisualStudioVersion = 10.0.40219.1
Project("{FAE04EC0-301F-11D3-BF4B-00C04F79EFBC}") = "YouRun_GUI", "YouRun_GUI\YouRun_GUI.csproj", "{2B715DDF-5471-430C-B102-4E91AFEAFFF0}"
EndProject
Project("{FAE04EC0-301F-11D3-BF4B-00C04F79EFBC}") = "PDFGenerator", "PDFGenerator\PDFGenerator.csproj", "{8A8AF26D-4140-4796-983C-FB2F3A26346C}"
EndProject
Project("{FAE04EC0-301F-11D3-BF4B-00C04F79EFBC}") = "Calculator", "Calculator\Calculator.csproj", "{C1837E45-F473-40A4-A654-CFA6D963C7B5}"
EndProject
Project("{FAE04EC0-301F-11D3-BF4B-00C04F79EFBC}") = "Calculator.NUnitTest", "Calculator.NUnitTest\Calculator.NUnitTest.csproj", "{41EC67BB-8047-4C92-9C1D-0AAC7352102D}"
EndProject
Project("{FAE04EC0-301F-11D3-BF4B-00C04F79EFBC}") = "YouRun_GUI.NUnitTest", "YouRun_GUI.NUnitTest\YouRun_GUI.NUnitTest.csproj", "{D17997C9-FD87-4E86-BA33-16BDA033A2E8}"
EndProject
Project("{FAE04EC0-301F-11D3-BF4B-00C04F79EFBC}") = "ExperimentalApp", "ExperimentalApp\ExperimentalApp.csproj", "{6F0226C8-06B5-41C0-9925-417D3ADB022F}"
EndProject
Global
	GlobalSection(SolutionConfigurationPlatforms) = preSolution
		Debug|Any CPU = Debug|Any CPU
		Release|Any CPU = Release|Any CPU
	EndGlobalSection
	GlobalSection(ProjectConfigurationPlatforms) = postSolution
		{2B715DDF-5471-430C-B102-4E91AFEAFFF0}.Debug|Any CPU.ActiveCfg = Debug|Any CPU
		{2B715DDF-5471-430C-B102-4E91AFEAFFF0}.Debug|Any CPU.Build.0 = Debug|Any CPU
		{2B715DDF-5471-430C-B102-4E91AFEAFFF0}.Release|Any CPU.ActiveCfg = Release|Any CPU
		{2B715DDF-5471-430C-B102-4E91AFEAFFF0}.Release|Any CPU.Build.0 = Release|Any CPU
		{8A8AF26D-4140-4796-983C-FB2F3A26346C}.Debug|Any CPU.ActiveCfg = Debug|Any CPU
		{8A8AF26D-4140-4796-983C-FB2F3A26346C}.Debug|Any CPU.Build.0 = Debug|Any CPU
		{8A8AF26D-4140-4796-983C-FB2F3A26346C}.Release|Any CPU.ActiveCfg = Release|Any CPU
		{8A8AF26D-4140-4796-983C-FB2F3A26346C}.Release|Any CPU.Build.0 = Release|Any CPU
		{C1837E45-F473-40A4-A654-CFA6D963C7B5}.Debug|Any CPU.ActiveCfg = Debug|Any CPU
		{C1837E45-F473-40A4-A654-CFA6D963C7B5}.Debug|Any CPU.Build.0 = Debug|Any CPU
		{C1837E45-F473-40A4-A654-CFA6D963C7B5}.Release|Any CPU.ActiveCfg = Release|Any CPU
		{C1837E45-F473-40A4-A654-CFA6D963C7B5}.Release|Any CPU.Build.0 = Release|Any CPU
		{41EC67BB-8047-4C92-9C1D-0AAC7352102D}.Debug|Any CPU.ActiveCfg = Debug|Any CPU
		{41EC67BB-8047-4C92-9C1D-0AAC7352102D}.Debug|Any CPU.Build.0 = Debug|Any CPU
		{41EC67BB-8047-4C92-9C1D-0AAC7352102D}.Release|Any CPU.ActiveCfg = Release|Any CPU
		{41EC67BB-8047-4C92-9C1D-0AAC7352102D}.Release|Any CPU.Build.0 = Release|Any CPU
		{D17997C9-FD87-4E86-BA33-16BDA033A2E8}.Debug|Any CPU.ActiveCfg = Debug|Any CPU
		{D17997C9-FD87-4E86-BA33-16BDA033A2E8}.Debug|Any CPU.Build.0 = Debug|Any CPU
		{D17997C9-FD87-4E86-BA33-16BDA033A2E8}.Release|Any CPU.ActiveCfg = Release|Any CPU
		{D17997C9-FD87-4E86-BA33-16BDA033A2E8}.Release|Any CPU.Build.0 = Release|Any CPU
		{6F0226C8-06B5-41C0-9925-417D3ADB022F}.Debug|Any CPU.ActiveCfg = Debug|Any CPU
		{6F0226C8-06B5-41C0-9925-417D3ADB022F}.Debug|Any CPU.Build.0 = Debug|Any CPU
		{6F0226C8-06B5-41C0-9925-417D3ADB022F}.Release|Any CPU.ActiveCfg = Release|Any CPU
		{6F0226C8-06B5-41C0-9925-417D3ADB022F}.Release|Any CPU.Build.0 = Release|Any CPU
	EndGlobalSection
	GlobalSection(SolutionProperties) = preSolution
		HideSolutionNode = FALSE
	EndGlobalSection
EndGlobal
