
Microsoft Visual Studio Solution File, Format Version 12.00
# Visual Studio 14
VisualStudioVersion = 14.0.25123.0
MinimumVisualStudioVersion = 10.0.40219.1
Project("{FAE04EC0-301F-11D3-BF4B-00C04F79EFBC}") = "YouRun - Eingabe", "YouRun\YouRun - Eingabe.csproj", "{C7F927C0-9D5F-42AB-8ACA-4CF75B3FE6A0}"
EndProject
Project("{FAE04EC0-301F-11D3-BF4B-00C04F79EFBC}") = "YouRun_GUI", "YouRun_GUI\YouRun_GUI.csproj", "{2B715DDF-5471-430C-B102-4E91AFEAFFF0}"
EndProject
Global
	GlobalSection(SolutionConfigurationPlatforms) = preSolution
		Debug|Any CPU = Debug|Any CPU
		Release|Any CPU = Release|Any CPU
	EndGlobalSection
	GlobalSection(ProjectConfigurationPlatforms) = postSolution
		{C7F927C0-9D5F-42AB-8ACA-4CF75B3FE6A0}.Debug|Any CPU.ActiveCfg = Debug|Any CPU
		{C7F927C0-9D5F-42AB-8ACA-4CF75B3FE6A0}.Debug|Any CPU.Build.0 = Debug|Any CPU
		{C7F927C0-9D5F-42AB-8ACA-4CF75B3FE6A0}.Release|Any CPU.ActiveCfg = Release|Any CPU
		{C7F927C0-9D5F-42AB-8ACA-4CF75B3FE6A0}.Release|Any CPU.Build.0 = Release|Any CPU
		{2B715DDF-5471-430C-B102-4E91AFEAFFF0}.Debug|Any CPU.ActiveCfg = Debug|Any CPU
		{2B715DDF-5471-430C-B102-4E91AFEAFFF0}.Debug|Any CPU.Build.0 = Debug|Any CPU
		{2B715DDF-5471-430C-B102-4E91AFEAFFF0}.Release|Any CPU.ActiveCfg = Release|Any CPU
		{2B715DDF-5471-430C-B102-4E91AFEAFFF0}.Release|Any CPU.Build.0 = Release|Any CPU
	EndGlobalSection
	GlobalSection(SolutionProperties) = preSolution
		HideSolutionNode = FALSE
	EndGlobalSection
EndGlobal
